
Microsoft Visual Studio Solution File, Format Version 12.00
# Visual Studio Version 17
VisualStudioVersion = 17.10.34928.147
MinimumVisualStudioVersion = 10.0.40219.1
Project("{FAE04EC0-301F-11D3-BF4B-00C04F79EFBC}") = "Calculator_Intro", "Calculator_Intro.csproj", "{7F207398-76C0-4854-B734-7613BFC521B3}"
EndProject
Global
	GlobalSection(SolutionConfigurationPlatforms) = preSolution
		Debug|Any CPU = Debug|Any CPU
		Release|Any CPU = Release|Any CPU
	EndGlobalSection
	GlobalSection(ProjectConfigurationPlatforms) = postSolution
		{7F207398-76C0-4854-B734-7613BFC521B3}.Debug|Any CPU.ActiveCfg = Debug|Any CPU
		{7F207398-76C0-4854-B734-7613BFC521B3}.Debug|Any CPU.Build.0 = Debug|Any CPU
		{7F207398-76C0-4854-B734-7613BFC521B3}.Release|Any CPU.ActiveCfg = Release|Any CPU
		{7F207398-76C0-4854-B734-7613BFC521B3}.Release|Any CPU.Build.0 = Release|Any CPU
	EndGlobalSection
	GlobalSection(SolutionProperties) = preSolution
		HideSolutionNode = FALSE
	EndGlobalSection
	GlobalSection(ExtensibilityGlobals) = postSolution
		SolutionGuid = {D668B373-573E-4D6F-874D-FF1ECB09BE04}
	EndGlobalSection
EndGlobal
