
Microsoft Visual Studio Solution File, Format Version 12.00
# Visual Studio Version 17
VisualStudioVersion = 17.5.002.0
MinimumVisualStudioVersion = 10.0.40219.1
Project("{9A19103F-16F7-4668-BE54-9A1E7A4F7556}") = "HelloWorld", "HelloWorld.csproj", "{BF685A04-8DF0-450C-A4C6-9A9A353C2C6F}"
EndProject
Global
	GlobalSection(SolutionConfigurationPlatforms) = preSolution
		Debug|Any CPU = Debug|Any CPU
		Release|Any CPU = Release|Any CPU
	EndGlobalSection
	GlobalSection(ProjectConfigurationPlatforms) = postSolution
		{BF685A04-8DF0-450C-A4C6-9A9A353C2C6F}.Debug|Any CPU.ActiveCfg = Debug|Any CPU
		{BF685A04-8DF0-450C-A4C6-9A9A353C2C6F}.Debug|Any CPU.Build.0 = Debug|Any CPU
		{BF685A04-8DF0-450C-A4C6-9A9A353C2C6F}.Release|Any CPU.ActiveCfg = Release|Any CPU
		{BF685A04-8DF0-450C-A4C6-9A9A353C2C6F}.Release|Any CPU.Build.0 = Release|Any CPU
	EndGlobalSection
	GlobalSection(SolutionProperties) = preSolution
		HideSolutionNode = FALSE
	EndGlobalSection
	GlobalSection(ExtensibilityGlobals) = postSolution
		SolutionGuid = {CDD943BC-BC31-4A86-9C26-A299C7A72AC8}
	EndGlobalSection
EndGlobal
